
Microsoft Visual Studio Solution File, Format Version 12.00
# Visual Studio Version 17
VisualStudioVersion = 17.11.35327.3
MinimumVisualStudioVersion = 10.0.40219.1
Project("{2150E333-8FDC-42A3-9474-1A3956D46DE8}") = "src", "src", "{44F7EEF0-19B1-439D-A5D7-8AFF49E0512E}"
EndProject
Project("{2150E333-8FDC-42A3-9474-1A3956D46DE8}") = "Core", "Core", "{7E6361AC-6B4E-4EC9-AF86-CDAD6F120664}"
EndProject
Project("{2150E333-8FDC-42A3-9474-1A3956D46DE8}") = "Infrastructure", "Infrastructure", "{347CAC40-1FD9-470F-B314-D31462E4574B}"
EndProject
Project("{2150E333-8FDC-42A3-9474-1A3956D46DE8}") = "WebUI", "WebUI", "{30AC0345-8B44-48E7-A17F-BA89B1840248}"
EndProject
Project("{FAE04EC0-301F-11D3-BF4B-00C04F79EFBC}") = "TaskManagement.Domain", "TaskManagement.Domain\TaskManagement.Domain.csproj", "{14C2EFD9-E78C-4290-9614-90BCBA0D8C8A}"
EndProject
Project("{FAE04EC0-301F-11D3-BF4B-00C04F79EFBC}") = "TaskManagement.Application", "TaskManagement.Application\TaskManagement.Application.csproj", "{2C5BC23F-AACE-4344-B432-C63627279623}"
EndProject
Project("{FAE04EC0-301F-11D3-BF4B-00C04F79EFBC}") = "TaskManagement.Infrastructure", "TaskManagement.Infrastructure\TaskManagement.Infrastructure.csproj", "{8C6EFB27-0CD5-4807-B8B2-3EE97B829F73}"
EndProject
Project("{FAE04EC0-301F-11D3-BF4B-00C04F79EFBC}") = "TaskManagement.API", "TaskManagement.API\TaskManagement.API.csproj", "{303A3693-3870-45F9-A7A7-06413623BFD6}"
EndProject
Global
	GlobalSection(SolutionConfigurationPlatforms) = preSolution
		Debug|Any CPU = Debug|Any CPU
		Release|Any CPU = Release|Any CPU
	EndGlobalSection
	GlobalSection(ProjectConfigurationPlatforms) = postSolution
		{14C2EFD9-E78C-4290-9614-90BCBA0D8C8A}.Debug|Any CPU.ActiveCfg = Debug|Any CPU
		{14C2EFD9-E78C-4290-9614-90BCBA0D8C8A}.Debug|Any CPU.Build.0 = Debug|Any CPU
		{14C2EFD9-E78C-4290-9614-90BCBA0D8C8A}.Release|Any CPU.ActiveCfg = Release|Any CPU
		{14C2EFD9-E78C-4290-9614-90BCBA0D8C8A}.Release|Any CPU.Build.0 = Release|Any CPU
		{2C5BC23F-AACE-4344-B432-C63627279623}.Debug|Any CPU.ActiveCfg = Debug|Any CPU
		{2C5BC23F-AACE-4344-B432-C63627279623}.Debug|Any CPU.Build.0 = Debug|Any CPU
		{2C5BC23F-AACE-4344-B432-C63627279623}.Release|Any CPU.ActiveCfg = Release|Any CPU
		{2C5BC23F-AACE-4344-B432-C63627279623}.Release|Any CPU.Build.0 = Release|Any CPU
		{8C6EFB27-0CD5-4807-B8B2-3EE97B829F73}.Debug|Any CPU.ActiveCfg = Debug|Any CPU
		{8C6EFB27-0CD5-4807-B8B2-3EE97B829F73}.Debug|Any CPU.Build.0 = Debug|Any CPU
		{8C6EFB27-0CD5-4807-B8B2-3EE97B829F73}.Release|Any CPU.ActiveCfg = Release|Any CPU
		{8C6EFB27-0CD5-4807-B8B2-3EE97B829F73}.Release|Any CPU.Build.0 = Release|Any CPU
		{303A3693-3870-45F9-A7A7-06413623BFD6}.Debug|Any CPU.ActiveCfg = Debug|Any CPU
		{303A3693-3870-45F9-A7A7-06413623BFD6}.Debug|Any CPU.Build.0 = Debug|Any CPU
		{303A3693-3870-45F9-A7A7-06413623BFD6}.Release|Any CPU.ActiveCfg = Release|Any CPU
		{303A3693-3870-45F9-A7A7-06413623BFD6}.Release|Any CPU.Build.0 = Release|Any CPU
	EndGlobalSection
	GlobalSection(SolutionProperties) = preSolution
		HideSolutionNode = FALSE
	EndGlobalSection
	GlobalSection(NestedProjects) = preSolution
		{7E6361AC-6B4E-4EC9-AF86-CDAD6F120664} = {44F7EEF0-19B1-439D-A5D7-8AFF49E0512E}
		{347CAC40-1FD9-470F-B314-D31462E4574B} = {44F7EEF0-19B1-439D-A5D7-8AFF49E0512E}
		{30AC0345-8B44-48E7-A17F-BA89B1840248} = {44F7EEF0-19B1-439D-A5D7-8AFF49E0512E}
		{14C2EFD9-E78C-4290-9614-90BCBA0D8C8A} = {7E6361AC-6B4E-4EC9-AF86-CDAD6F120664}
		{2C5BC23F-AACE-4344-B432-C63627279623} = {7E6361AC-6B4E-4EC9-AF86-CDAD6F120664}
		{8C6EFB27-0CD5-4807-B8B2-3EE97B829F73} = {347CAC40-1FD9-470F-B314-D31462E4574B}
		{303A3693-3870-45F9-A7A7-06413623BFD6} = {30AC0345-8B44-48E7-A17F-BA89B1840248}
	EndGlobalSection
	GlobalSection(ExtensibilityGlobals) = postSolution
		SolutionGuid = {6D644533-BAB2-4A2A-B390-45647380B63D}
	EndGlobalSection
EndGlobal
